// !$*UTF8*$!
{
	archiveVersion = 1;
	classes = {
	};
	objectVersion = 77;
	objects = {

/* Begin PBXBuildFile section */
		22A0B9462D90F49F00FC38D4 /* AWSS3 in Frameworks */ = {isa = PBXBuildFile; productRef = 22A0B9452D90F49F00FC38D4 /* AWSS3 */; };
/* End PBXBuildFile section */

/* Begin PBXContainerItemProxy section */
		22E59CD32D6FA92D00D6C4B5 /* PBXContainerItemProxy */ = {
			isa = PBXContainerItemProxy;
			containerPortal = 22E59CB92D6FA92C00D6C4B5 /* Project object */;
			proxyType = 1;
			remoteGlobalIDString = 22E59CC02D6FA92C00D6C4B5;
			remoteInfo = MenuVisionUI;
		};
		22E59CDD2D6FA92D00D6C4B5 /* PBXContainerItemProxy */ = {
			isa = PBXContainerItemProxy;
			containerPortal = 22E59CB92D6FA92C00D6C4B5 /* Project object */;
			proxyType = 1;
			remoteGlobalIDString = 22E59CC02D6FA92C00D6C4B5;
			remoteInfo = MenuVisionUI;
		};
/* End PBXContainerItemProxy section */

/* Begin PBXFileReference section */
		22E59CC12D6FA92C00D6C4B5 /* MenuVisionUI.app */ = {isa = PBXFileReference; explicitFileType = wrapper.application; includeInIndex = 0; path = MenuVisionUI.app; sourceTree = BUILT_PRODUCTS_DIR; };
		22E59CD22D6FA92D00D6C4B5 /* MenuVisionUITests.xctest */ = {isa = PBXFileReference; explicitFileType = wrapper.cfbundle; includeInIndex = 0; path = MenuVisionUITests.xctest; sourceTree = BUILT_PRODUCTS_DIR; };
		22E59CDC2D6FA92D00D6C4B5 /* MenuVisionUIUITests.xctest */ = {isa = PBXFileReference; explicitFileType = wrapper.cfbundle; includeInIndex = 0; path = MenuVisionUIUITests.xctest; sourceTree = BUILT_PRODUCTS_DIR; };
/* End PBXFileReference section */

/* Begin PBXFileSystemSynchronizedRootGroup section */
		22E59CC32D6FA92C00D6C4B5 /* MenuVisionUI */ = {
			isa = PBXFileSystemSynchronizedRootGroup;
			path = MenuVisionUI;
			sourceTree = "<group>";
		};
		22E59CD52D6FA92D00D6C4B5 /* MenuVisionUITests */ = {
			isa = PBXFileSystemSynchronizedRootGroup;
			path = MenuVisionUITests;
			sourceTree = "<group>";
		};
		22E59CDF2D6FA92D00D6C4B5 /* MenuVisionUIUITests */ = {
			isa = PBXFileSystemSynchronizedRootGroup;
			path = MenuVisionUIUITests;
			sourceTree = "<group>";
		};
/* End PBXFileSystemSynchronizedRootGroup section */

/* Begin PBXFrameworksBuildPhase section */
		22E59CBE2D6FA92C00D6C4B5 /* Frameworks */ = {
			isa = PBXFrameworksBuildPhase;
			buildActionMask = 2147483647;
			files = (
				22A0B9462D90F49F00FC38D4 /* AWSS3 in Frameworks */,
			);
			runOnlyForDeploymentPostprocessing = 0;
		};
		22E59CCF2D6FA92D00D6C4B5 /* Frameworks */ = {
			isa = PBXFrameworksBuildPhase;
			buildActionMask = 2147483647;
			files = (
			);
			runOnlyForDeploymentPostprocessing = 0;
		};
		22E59CD92D6FA92D00D6C4B5 /* Frameworks */ = {
			isa = PBXFrameworksBuildPhase;
			buildActionMask = 2147483647;
			files = (
			);
			runOnlyForDeploymentPostprocessing = 0;
		};
/* End PBXFrameworksBuildPhase section */

/* Begin PBXGroup section */
		22E59CB82D6FA92C00D6C4B5 = {
			isa = PBXGroup;
			children = (
				22E59CC32D6FA92C00D6C4B5 /* MenuVisionUI */,
				22E59CD52D6FA92D00D6C4B5 /* MenuVisionUITests */,
				22E59CDF2D6FA92D00D6C4B5 /* MenuVisionUIUITests */,
				22E59CC22D6FA92C00D6C4B5 /* Products */,
			);
			sourceTree = "<group>";
		};
		22E59CC22D6FA92C00D6C4B5 /* Products */ = {
			isa = PBXGroup;
			children = (
				22E59CC12D6FA92C00D6C4B5 /* MenuVisionUI.app */,
				22E59CD22D6FA92D00D6C4B5 /* MenuVisionUITests.xctest */,
				22E59CDC2D6FA92D00D6C4B5 /* MenuVisionUIUITests.xctest */,
			);
			name = Products;
			sourceTree = "<group>";
		};
/* End PBXGroup section */

/* Begin PBXNativeTarget section */
		22E59CC02D6FA92C00D6C4B5 /* MenuVisionUI */ = {
			isa = PBXNativeTarget;
			buildConfigurationList = 22E59CE62D6FA92D00D6C4B5 /* Build configuration list for PBXNativeTarget "MenuVisionUI" */;
			buildPhases = (
				22E59CBD2D6FA92C00D6C4B5 /* Sources */,
				22E59CBE2D6FA92C00D6C4B5 /* Frameworks */,
				22E59CBF2D6FA92C00D6C4B5 /* Resources */,
			);
			buildRules = (
			);
			dependencies = (
			);
			fileSystemSynchronizedGroups = (
				22E59CC32D6FA92C00D6C4B5 /* MenuVisionUI */,
			);
			name = MenuVisionUI;
			packageProductDependencies = (
				22A0B9452D90F49F00FC38D4 /* AWSS3 */,
			);
			productName = MenuVisionUI;
			productReference = 22E59CC12D6FA92C00D6C4B5 /* MenuVisionUI.app */;
			productType = "com.apple.product-type.application";
		};
		22E59CD12D6FA92D00D6C4B5 /* MenuVisionUITests */ = {
			isa = PBXNativeTarget;
			buildConfigurationList = 22E59CE92D6FA92D00D6C4B5 /* Build configuration list for PBXNativeTarget "MenuVisionUITests" */;
			buildPhases = (
				22E59CCE2D6FA92D00D6C4B5 /* Sources */,
				22E59CCF2D6FA92D00D6C4B5 /* Frameworks */,
				22E59CD02D6FA92D00D6C4B5 /* Resources */,
			);
			buildRules = (
			);
			dependencies = (
				22E59CD42D6FA92D00D6C4B5 /* PBXTargetDependency */,
			);
			fileSystemSynchronizedGroups = (
				22E59CD52D6FA92D00D6C4B5 /* MenuVisionUITests */,
			);
			name = MenuVisionUITests;
			packageProductDependencies = (
			);
			productName = MenuVisionUITests;
			productReference = 22E59CD22D6FA92D00D6C4B5 /* MenuVisionUITests.xctest */;
			productType = "com.apple.product-type.bundle.unit-test";
		};
		22E59CDB2D6FA92D00D6C4B5 /* MenuVisionUIUITests */ = {
			isa = PBXNativeTarget;
			buildConfigurationList = 22E59CEC2D6FA92D00D6C4B5 /* Build configuration list for PBXNativeTarget "MenuVisionUIUITests" */;
			buildPhases = (
				22E59CD82D6FA92D00D6C4B5 /* Sources */,
				22E59CD92D6FA92D00D6C4B5 /* Frameworks */,
				22E59CDA2D6FA92D00D6C4B5 /* Resources */,
			);
			buildRules = (
			);
			dependencies = (
				22E59CDE2D6FA92D00D6C4B5 /* PBXTargetDependency */,
			);
			fileSystemSynchronizedGroups = (
				22E59CDF2D6FA92D00D6C4B5 /* MenuVisionUIUITests */,
			);
			name = MenuVisionUIUITests;
			packageProductDependencies = (
			);
			productName = MenuVisionUIUITests;
			productReference = 22E59CDC2D6FA92D00D6C4B5 /* MenuVisionUIUITests.xctest */;
			productType = "com.apple.product-type.bundle.ui-testing";
		};
/* End PBXNativeTarget section */

/* Begin PBXProject section */
		22E59CB92D6FA92C00D6C4B5 /* Project object */ = {
			isa = PBXProject;
			attributes = {
				BuildIndependentTargetsInParallel = 1;
				LastSwiftUpdateCheck = 1620;
				LastUpgradeCheck = 1620;
				TargetAttributes = {
					22E59CC02D6FA92C00D6C4B5 = {
						CreatedOnToolsVersion = 16.2;
					};
					22E59CD12D6FA92D00D6C4B5 = {
						CreatedOnToolsVersion = 16.2;
						TestTargetID = 22E59CC02D6FA92C00D6C4B5;
					};
					22E59CDB2D6FA92D00D6C4B5 = {
						CreatedOnToolsVersion = 16.2;
						TestTargetID = 22E59CC02D6FA92C00D6C4B5;
					};
				};
			};
			buildConfigurationList = 22E59CBC2D6FA92C00D6C4B5 /* Build configuration list for PBXProject "MenuVisionUI" */;
			developmentRegion = en;
			hasScannedForEncodings = 0;
			knownRegions = (
				en,
				Base,
			);
			mainGroup = 22E59CB82D6FA92C00D6C4B5;
			minimizedProjectReferenceProxies = 1;
			packageReferences = (
				22A0B9442D90F49F00FC38D4 /* XCRemoteSwiftPackageReference "aws-sdk-swift" */,
			);
			preferredProjectObjectVersion = 77;
			productRefGroup = 22E59CC22D6FA92C00D6C4B5 /* Products */;
			projectDirPath = "";
			projectRoot = "";
			targets = (
				22E59CC02D6FA92C00D6C4B5 /* MenuVisionUI */,
				22E59CD12D6FA92D00D6C4B5 /* MenuVisionUITests */,
				22E59CDB2D6FA92D00D6C4B5 /* MenuVisionUIUITests */,
			);
		};
/* End PBXProject section */

/* Begin PBXResourcesBuildPhase section */
		22E59CBF2D6FA92C00D6C4B5 /* Resources */ = {
			isa = PBXResourcesBuildPhase;
			buildActionMask = 2147483647;
			files = (
			);
			runOnlyForDeploymentPostprocessing = 0;
		};
		22E59CD02D6FA92D00D6C4B5 /* Resources */ = {
			isa = PBXResourcesBuildPhase;
			buildActionMask = 2147483647;
			files = (
			);
			runOnlyForDeploymentPostprocessing = 0;
		};
		22E59CDA2D6FA92D00D6C4B5 /* Resources */ = {
			isa = PBXResourcesBuildPhase;
			buildActionMask = 2147483647;
			files = (
			);
			runOnlyForDeploymentPostprocessing = 0;
		};
/* End PBXResourcesBuildPhase section */

/* Begin PBXSourcesBuildPhase section */
		22E59CBD2D6FA92C00D6C4B5 /* Sources */ = {
			isa = PBXSourcesBuildPhase;
			buildActionMask = 2147483647;
			files = (
			);
			runOnlyForDeploymentPostprocessing = 0;
		};
		22E59CCE2D6FA92D00D6C4B5 /* Sources */ = {
			isa = PBXSourcesBuildPhase;
			buildActionMask = 2147483647;
			files = (
			);
			runOnlyForDeploymentPostprocessing = 0;
		};
		22E59CD82D6FA92D00D6C4B5 /* Sources */ = {
			isa = PBXSourcesBuildPhase;
			buildActionMask = 2147483647;
			files = (
			);
			runOnlyForDeploymentPostprocessing = 0;
		};
/* End PBXSourcesBuildPhase section */

/* Begin PBXTargetDependency section */
		22E59CD42D6FA92D00D6C4B5 /* PBXTargetDependency */ = {
			isa = PBXTargetDependency;
			target = 22E59CC02D6FA92C00D6C4B5 /* MenuVisionUI */;
			targetProxy = 22E59CD32D6FA92D00D6C4B5 /* PBXContainerItemProxy */;
		};
		22E59CDE2D6FA92D00D6C4B5 /* PBXTargetDependency */ = {
			isa = PBXTargetDependency;
			target = 22E59CC02D6FA92C00D6C4B5 /* MenuVisionUI */;
			targetProxy = 22E59CDD2D6FA92D00D6C4B5 /* PBXContainerItemProxy */;
		};
/* End PBXTargetDependency section */

/* Begin XCBuildConfiguration section */
		22E59CE42D6FA92D00D6C4B5 /* Debug */ = {
			isa = XCBuildConfiguration;
			buildSettings = {
				ALWAYS_SEARCH_USER_PATHS = NO;
				ASSETCATALOG_COMPILER_GENERATE_SWIFT_ASSET_SYMBOL_EXTENSIONS = YES;
				CLANG_ANALYZER_NONNULL = YES;
				CLANG_ANALYZER_NUMBER_OBJECT_CONVERSION = YES_AGGRESSIVE;
				CLANG_CXX_LANGUAGE_STANDARD = "gnu++20";
				CLANG_ENABLE_MODULES = YES;
				CLANG_ENABLE_OBJC_ARC = YES;
				CLANG_ENABLE_OBJC_WEAK = YES;
				CLANG_WARN_BLOCK_CAPTURE_AUTORELEASING = YES;
				CLANG_WARN_BOOL_CONVERSION = YES;
				CLANG_WARN_COMMA = YES;
				CLANG_WARN_CONSTANT_CONVERSION = YES;
				CLANG_WARN_DEPRECATED_OBJC_IMPLEMENTATIONS = YES;
				CLANG_WARN_DIRECT_OBJC_ISA_USAGE = YES_ERROR;
				CLANG_WARN_DOCUMENTATION_COMMENTS = YES;
				CLANG_WARN_EMPTY_BODY = YES;
				CLANG_WARN_ENUM_CONVERSION = YES;
				CLANG_WARN_INFINITE_RECURSION = YES;
				CLANG_WARN_INT_CONVERSION = YES;
				CLANG_WARN_NON_LITERAL_NULL_CONVERSION = YES;
				CLANG_WARN_OBJC_IMPLICIT_RETAIN_SELF = YES;
				CLANG_WARN_OBJC_LITERAL_CONVERSION = YES;
				CLANG_WARN_OBJC_ROOT_CLASS = YES_ERROR;
				CLANG_WARN_QUOTED_INCLUDE_IN_FRAMEWORK_HEADER = YES;
				CLANG_WARN_RANGE_LOOP_ANALYSIS = YES;
				CLANG_WARN_STRICT_PROTOTYPES = YES;
				CLANG_WARN_SUSPICIOUS_MOVE = YES;
				CLANG_WARN_UNGUARDED_AVAILABILITY = YES_AGGRESSIVE;
				CLANG_WARN_UNREACHABLE_CODE = YES;
				CLANG_WARN__DUPLICATE_METHOD_MATCH = YES;
				COPY_PHASE_STRIP = NO;
				DEBUG_INFORMATION_FORMAT = dwarf;
				ENABLE_STRICT_OBJC_MSGSEND = YES;
				ENABLE_TESTABILITY = YES;
				ENABLE_USER_SCRIPT_SANDBOXING = YES;
				GCC_C_LANGUAGE_STANDARD = gnu17;
				GCC_DYNAMIC_NO_PIC = NO;
				GCC_NO_COMMON_BLOCKS = YES;
				GCC_OPTIMIZATION_LEVEL = 0;
				GCC_PREPROCESSOR_DEFINITIONS = (
					"DEBUG=1",
					"$(inherited)",
				);
				GCC_WARN_64_TO_32_BIT_CONVERSION = YES;
				GCC_WARN_ABOUT_RETURN_TYPE = YES_ERROR;
				GCC_WARN_UNDECLARED_SELECTOR = YES;
				GCC_WARN_UNINITIALIZED_AUTOS = YES_AGGRESSIVE;
				GCC_WARN_UNUSED_FUNCTION = YES;
				GCC_WARN_UNUSED_VARIABLE = YES;
				LOCALIZATION_PREFERS_STRING_CATALOGS = YES;
				MTL_ENABLE_DEBUG_INFO = INCLUDE_SOURCE;
				MTL_FAST_MATH = YES;
				ONLY_ACTIVE_ARCH = YES;
				SWIFT_ACTIVE_COMPILATION_CONDITIONS = "DEBUG $(inherited)";
				SWIFT_OPTIMIZATION_LEVEL = "-Onone";
			};
			name = Debug;
		};
		22E59CE52D6FA92D00D6C4B5 /* Release */ = {
			isa = XCBuildConfiguration;
			buildSettings = {
				ALWAYS_SEARCH_USER_PATHS = NO;
				ASSETCATALOG_COMPILER_GENERATE_SWIFT_ASSET_SYMBOL_EXTENSIONS = YES;
				CLANG_ANALYZER_NONNULL = YES;
				CLANG_ANALYZER_NUMBER_OBJECT_CONVERSION = YES_AGGRESSIVE;
				CLANG_CXX_LANGUAGE_STANDARD = "gnu++20";
				CLANG_ENABLE_MODULES = YES;
				CLANG_ENABLE_OBJC_ARC = YES;
				CLANG_ENABLE_OBJC_WEAK = YES;
				CLANG_WARN_BLOCK_CAPTURE_AUTORELEASING = YES;
				CLANG_WARN_BOOL_CONVERSION = YES;
				CLANG_WARN_COMMA = YES;
				CLANG_WARN_CONSTANT_CONVERSION = YES;
				CLANG_WARN_DEPRECATED_OBJC_IMPLEMENTATIONS = YES;
				CLANG_WARN_DIRECT_OBJC_ISA_USAGE = YES_ERROR;
				CLANG_WARN_DOCUMENTATION_COMMENTS = YES;
				CLANG_WARN_EMPTY_BODY = YES;
				CLANG_WARN_ENUM_CONVERSION = YES;
				CLANG_WARN_INFINITE_RECURSION = YES;
				CLANG_WARN_INT_CONVERSION = YES;
				CLANG_WARN_NON_LITERAL_NULL_CONVERSION = YES;
				CLANG_WARN_OBJC_IMPLICIT_RETAIN_SELF = YES;
				CLANG_WARN_OBJC_LITERAL_CONVERSION = YES;
				CLANG_WARN_OBJC_ROOT_CLASS = YES_ERROR;
				CLANG_WARN_QUOTED_INCLUDE_IN_FRAMEWORK_HEADER = YES;
				CLANG_WARN_RANGE_LOOP_ANALYSIS = YES;
				CLANG_WARN_STRICT_PROTOTYPES = YES;
				CLANG_WARN_SUSPICIOUS_MOVE = YES;
				CLANG_WARN_UNGUARDED_AVAILABILITY = YES_AGGRESSIVE;
				CLANG_WARN_UNREACHABLE_CODE = YES;
				CLANG_WARN__DUPLICATE_METHOD_MATCH = YES;
				COPY_PHASE_STRIP = NO;
				DEBUG_INFORMATION_FORMAT = "dwarf-with-dsym";
				ENABLE_NS_ASSERTIONS = NO;
				ENABLE_STRICT_OBJC_MSGSEND = YES;
				ENABLE_USER_SCRIPT_SANDBOXING = YES;
				GCC_C_LANGUAGE_STANDARD = gnu17;
				GCC_NO_COMMON_BLOCKS = YES;
				GCC_WARN_64_TO_32_BIT_CONVERSION = YES;
				GCC_WARN_ABOUT_RETURN_TYPE = YES_ERROR;
				GCC_WARN_UNDECLARED_SELECTOR = YES;
				GCC_WARN_UNINITIALIZED_AUTOS = YES_AGGRESSIVE;
				GCC_WARN_UNUSED_FUNCTION = YES;
				GCC_WARN_UNUSED_VARIABLE = YES;
				LOCALIZATION_PREFERS_STRING_CATALOGS = YES;
				MTL_ENABLE_DEBUG_INFO = NO;
				MTL_FAST_MATH = YES;
				SWIFT_COMPILATION_MODE = wholemodule;
			};
			name = Release;
		};
		22E59CE72D6FA92D00D6C4B5 /* Debug */ = {
			isa = XCBuildConfiguration;
			buildSettings = {
				ASSETCATALOG_COMPILER_APPICON_NAME = AppIcon;
				ASSETCATALOG_COMPILER_GLOBAL_ACCENT_COLOR_NAME = AccentColor;
				CODE_SIGN_ENTITLEMENTS = MenuVisionUI/MenuVisionUI.entitlements;
				"CODE_SIGN_IDENTITY[sdk=macosx*]" = "Apple Development";
				CODE_SIGN_STYLE = Automatic;
				CURRENT_PROJECT_VERSION = 1;
				DEVELOPMENT_ASSET_PATHS = "\"MenuVisionUI/Preview Content\"";
				DEVELOPMENT_TEAM = DRKX39HB2S;
				ENABLE_PREVIEWS = YES;
				GENERATE_INFOPLIST_FILE = YES;
				INFOPLIST_KEY_NSCameraUsageDescription = "";
				INFOPLIST_KEY_UIApplicationSceneManifest_Generation = YES;
				"INFOPLIST_KEY_UIApplicationSceneManifest_Generation[sdk=iphoneos*]" = YES;
				"INFOPLIST_KEY_UIApplicationSceneManifest_Generation[sdk=iphonesimulator*]" = YES;
				INFOPLIST_KEY_UIApplicationSupportsIndirectInputEvents = YES;
				"INFOPLIST_KEY_UIApplicationSupportsIndirectInputEvents[sdk=iphoneos*]" = YES;
				"INFOPLIST_KEY_UIApplicationSupportsIndirectInputEvents[sdk=iphonesimulator*]" = YES;
				INFOPLIST_KEY_UILaunchScreen_Generation = YES;
				"INFOPLIST_KEY_UILaunchScreen_Generation[sdk=iphoneos*]" = YES;
				"INFOPLIST_KEY_UILaunchScreen_Generation[sdk=iphonesimulator*]" = YES;
				INFOPLIST_KEY_UIStatusBarStyle = UIStatusBarStyleDefault;
				"INFOPLIST_KEY_UIStatusBarStyle[sdk=iphoneos*]" = UIStatusBarStyleDefault;
				"INFOPLIST_KEY_UIStatusBarStyle[sdk=iphonesimulator*]" = UIStatusBarStyleDefault;
				INFOPLIST_KEY_UISupportedInterfaceOrientations_iPad = "UIInterfaceOrientationPortrait UIInterfaceOrientationPortraitUpsideDown UIInterfaceOrientationLandscapeLeft UIInterfaceOrientationLandscapeRight";
				INFOPLIST_KEY_UISupportedInterfaceOrientations_iPhone = "UIInterfaceOrientationPortrait UIInterfaceOrientationLandscapeLeft UIInterfaceOrientationLandscapeRight";
				IPHONEOS_DEPLOYMENT_TARGET = 18.2;
				LD_RUNPATH_SEARCH_PATHS = "@executable_path/Frameworks";
				"LD_RUNPATH_SEARCH_PATHS[sdk=macosx*]" = "@executable_path/../Frameworks";
				MACOSX_DEPLOYMENT_TARGET = 15.2;
				MARKETING_VERSION = 1.0;
				PRODUCT_BUNDLE_IDENTIFIER = com.SamuelZhou.MenuVisionU20820;
				PRODUCT_NAME = "$(TARGET_NAME)";
				SDKROOT = iphoneos;
				SUPPORTED_PLATFORMS = "iphoneos iphonesimulator macosx xros xrsimulator";
				SWIFT_EMIT_LOC_STRINGS = YES;
				SWIFT_VERSION = 5.0;
				TARGETED_DEVICE_FAMILY = "1,2,7";
				XROS_DEPLOYMENT_TARGET = 2.2;
			};
			name = Debug;
		};
		22E59CE82D6FA92D00D6C4B5 /* Release */ = {
			isa = XCBuildConfiguration;
			buildSettings = {
				ASSETCATALOG_COMPILER_APPICON_NAME = AppIcon;
				ASSETCATALOG_COMPILER_GLOBAL_ACCENT_COLOR_NAME = AccentColor;
				CODE_SIGN_ENTITLEMENTS = MenuVisionUI/MenuVisionUI.entitlements;
				"CODE_SIGN_IDENTITY[sdk=macosx*]" = "Apple Development";
				CODE_SIGN_STYLE = Automatic;
				CURRENT_PROJECT_VERSION = 1;
				DEVELOPMENT_ASSET_PATHS = "\"MenuVisionUI/Preview Content\"";
				DEVELOPMENT_TEAM = DRKX39HB2S;
				ENABLE_PREVIEWS = YES;
				GENERATE_INFOPLIST_FILE = YES;
				INFOPLIST_KEY_NSCameraUsageDescription = "";
				INFOPLIST_KEY_UIApplicationSceneManifest_Generation = YES;
				"INFOPLIST_KEY_UIApplicationSceneManifest_Generation[sdk=iphoneos*]" = YES;
				"INFOPLIST_KEY_UIApplicationSceneManifest_Generation[sdk=iphonesimulator*]" = YES;
				INFOPLIST_KEY_UIApplicationSupportsIndirectInputEvents = YES;
				"INFOPLIST_KEY_UIApplicationSupportsIndirectInputEvents[sdk=iphoneos*]" = YES;
				"INFOPLIST_KEY_UIApplicationSupportsIndirectInputEvents[sdk=iphonesimulator*]" = YES;
				INFOPLIST_KEY_UILaunchScreen_Generation = YES;
				"INFOPLIST_KEY_UILaunchScreen_Generation[sdk=iphoneos*]" = YES;
				"INFOPLIST_KEY_UILaunchScreen_Generation[sdk=iphonesimulator*]" = YES;
				INFOPLIST_KEY_UIStatusBarStyle = UIStatusBarStyleDefault;
				"INFOPLIST_KEY_UIStatusBarStyle[sdk=iphoneos*]" = UIStatusBarStyleDefault;
				"INFOPLIST_KEY_UIStatusBarStyle[sdk=iphonesimulator*]" = UIStatusBarStyleDefault;
				INFOPLIST_KEY_UISupportedInterfaceOrientations_iPad = "UIInterfaceOrientationPortrait UIInterfaceOrientationPortraitUpsideDown UIInterfaceOrientationLandscapeLeft UIInterfaceOrientationLandscapeRight";
				INFOPLIST_KEY_UISupportedInterfaceOrientations_iPhone = "UIInterfaceOrientationPortrait UIInterfaceOrientationLandscapeLeft UIInterfaceOrientationLandscapeRight";
				IPHONEOS_DEPLOYMENT_TARGET = 18.2;
				LD_RUNPATH_SEARCH_PATHS = "@executable_path/Frameworks";
				"LD_RUNPATH_SEARCH_PATHS[sdk=macosx*]" = "@executable_path/../Frameworks";
				MACOSX_DEPLOYMENT_TARGET = 15.2;
				MARKETING_VERSION = 1.0;
				PRODUCT_BUNDLE_IDENTIFIER = com.SamuelZhou.MenuVisionU20820;
				PRODUCT_NAME = "$(TARGET_NAME)";
				SDKROOT = iphoneos;
				SUPPORTED_PLATFORMS = "iphoneos iphonesimulator macosx xros xrsimulator";
				SWIFT_EMIT_LOC_STRINGS = YES;
				SWIFT_VERSION = 5.0;
				TARGETED_DEVICE_FAMILY = "1,2,7";
				XROS_DEPLOYMENT_TARGET = 2.2;
			};
			name = Release;
		};
		22E59CEA2D6FA92D00D6C4B5 /* Debug */ = {
			isa = XCBuildConfiguration;
			buildSettings = {
				BUNDLE_LOADER = "$(TEST_HOST)";
				CODE_SIGN_STYLE = Automatic;
				CURRENT_PROJECT_VERSION = 1;
				GENERATE_INFOPLIST_FILE = YES;
				IPHONEOS_DEPLOYMENT_TARGET = 18.2;
				MACOSX_DEPLOYMENT_TARGET = 15.2;
				MARKETING_VERSION = 1.0;
				PRODUCT_BUNDLE_IDENTIFIER = personal.MenuVisionUITests;
				PRODUCT_NAME = "$(TARGET_NAME)";
				SDKROOT = auto;
				SUPPORTED_PLATFORMS = "iphoneos iphonesimulator macosx xros xrsimulator";
				SWIFT_EMIT_LOC_STRINGS = NO;
				SWIFT_VERSION = 5.0;
				TARGETED_DEVICE_FAMILY = "1,2,7";
				TEST_HOST = "$(BUILT_PRODUCTS_DIR)/MenuVisionUI.app/$(BUNDLE_EXECUTABLE_FOLDER_PATH)/MenuVisionUI";
				XROS_DEPLOYMENT_TARGET = 2.2;
			};
			name = Debug;
		};
		22E59CEB2D6FA92D00D6C4B5 /* Release */ = {
			isa = XCBuildConfiguration;
			buildSettings = {
				BUNDLE_LOADER = "$(TEST_HOST)";
				CODE_SIGN_STYLE = Automatic;
				CURRENT_PROJECT_VERSION = 1;
				GENERATE_INFOPLIST_FILE = YES;
				IPHONEOS_DEPLOYMENT_TARGET = 18.2;
				MACOSX_DEPLOYMENT_TARGET = 15.2;
				MARKETING_VERSION = 1.0;
				PRODUCT_BUNDLE_IDENTIFIER = personal.MenuVisionUITests;
				PRODUCT_NAME = "$(TARGET_NAME)";
				SDKROOT = auto;
				SUPPORTED_PLATFORMS = "iphoneos iphonesimulator macosx xros xrsimulator";
				SWIFT_EMIT_LOC_STRINGS = NO;
				SWIFT_VERSION = 5.0;
				TARGETED_DEVICE_FAMILY = "1,2,7";
				TEST_HOST = "$(BUILT_PRODUCTS_DIR)/MenuVisionUI.app/$(BUNDLE_EXECUTABLE_FOLDER_PATH)/MenuVisionUI";
				XROS_DEPLOYMENT_TARGET = 2.2;
			};
			name = Release;
		};
		22E59CED2D6FA92D00D6C4B5 /* Debug */ = {
			isa = XCBuildConfiguration;
			buildSettings = {
				CODE_SIGN_STYLE = Automatic;
				CURRENT_PROJECT_VERSION = 1;
				GENERATE_INFOPLIST_FILE = YES;
				IPHONEOS_DEPLOYMENT_TARGET = 18.2;
				MACOSX_DEPLOYMENT_TARGET = 15.2;
				MARKETING_VERSION = 1.0;
				PRODUCT_BUNDLE_IDENTIFIER = personal.MenuVisionUIUITests;
				PRODUCT_NAME = "$(TARGET_NAME)";
				SDKROOT = auto;
				SUPPORTED_PLATFORMS = "iphoneos iphonesimulator macosx xros xrsimulator";
				SWIFT_EMIT_LOC_STRINGS = NO;
				SWIFT_VERSION = 5.0;
				TARGETED_DEVICE_FAMILY = "1,2,7";
				TEST_TARGET_NAME = MenuVisionUI;
				XROS_DEPLOYMENT_TARGET = 2.2;
			};
			name = Debug;
		};
		22E59CEE2D6FA92D00D6C4B5 /* Release */ = {
			isa = XCBuildConfiguration;
			buildSettings = {
				CODE_SIGN_STYLE = Automatic;
				CURRENT_PROJECT_VERSION = 1;
				GENERATE_INFOPLIST_FILE = YES;
				IPHONEOS_DEPLOYMENT_TARGET = 18.2;
				MACOSX_DEPLOYMENT_TARGET = 15.2;
				MARKETING_VERSION = 1.0;
				PRODUCT_BUNDLE_IDENTIFIER = personal.MenuVisionUIUITests;
				PRODUCT_NAME = "$(TARGET_NAME)";
				SDKROOT = auto;
				SUPPORTED_PLATFORMS = "iphoneos iphonesimulator macosx xros xrsimulator";
				SWIFT_EMIT_LOC_STRINGS = NO;
				SWIFT_VERSION = 5.0;
				TARGETED_DEVICE_FAMILY = "1,2,7";
				TEST_TARGET_NAME = MenuVisionUI;
				XROS_DEPLOYMENT_TARGET = 2.2;
			};
			name = Release;
		};
/* End XCBuildConfiguration section */

/* Begin XCConfigurationList section */
		22E59CBC2D6FA92C00D6C4B5 /* Build configuration list for PBXProject "MenuVisionUI" */ = {
			isa = XCConfigurationList;
			buildConfigurations = (
				22E59CE42D6FA92D00D6C4B5 /* Debug */,
				22E59CE52D6FA92D00D6C4B5 /* Release */,
			);
			defaultConfigurationIsVisible = 0;
			defaultConfigurationName = Release;
		};
		22E59CE62D6FA92D00D6C4B5 /* Build configuration list for PBXNativeTarget "MenuVisionUI" */ = {
			isa = XCConfigurationList;
			buildConfigurations = (
				22E59CE72D6FA92D00D6C4B5 /* Debug */,
				22E59CE82D6FA92D00D6C4B5 /* Release */,
			);
			defaultConfigurationIsVisible = 0;
			defaultConfigurationName = Release;
		};
		22E59CE92D6FA92D00D6C4B5 /* Build configuration list for PBXNativeTarget "MenuVisionUITests" */ = {
			isa = XCConfigurationList;
			buildConfigurations = (
				22E59CEA2D6FA92D00D6C4B5 /* Debug */,
				22E59CEB2D6FA92D00D6C4B5 /* Release */,
			);
			defaultConfigurationIsVisible = 0;
			defaultConfigurationName = Release;
		};
		22E59CEC2D6FA92D00D6C4B5 /* Build configuration list for PBXNativeTarget "MenuVisionUIUITests" */ = {
			isa = XCConfigurationList;
			buildConfigurations = (
				22E59CED2D6FA92D00D6C4B5 /* Debug */,
				22E59CEE2D6FA92D00D6C4B5 /* Release */,
			);
			defaultConfigurationIsVisible = 0;
			defaultConfigurationName = Release;
		};
/* End XCConfigurationList section */

/* Begin XCRemoteSwiftPackageReference section */
		22A0B9442D90F49F00FC38D4 /* XCRemoteSwiftPackageReference "aws-sdk-swift" */ = {
			isa = XCRemoteSwiftPackageReference;
			repositoryURL = "https://github.com/awslabs/aws-sdk-swift";
			requirement = {
				kind = upToNextMajorVersion;
				minimumVersion = 1.2.43;
			};
		};
/* End XCRemoteSwiftPackageReference section */

/* Begin XCSwiftPackageProductDependency section */
		22A0B9452D90F49F00FC38D4 /* AWSS3 */ = {
			isa = XCSwiftPackageProductDependency;
			package = 22A0B9442D90F49F00FC38D4 /* XCRemoteSwiftPackageReference "aws-sdk-swift" */;
			productName = AWSS3;
		};
/* End XCSwiftPackageProductDependency section */
	};
	rootObject = 22E59CB92D6FA92C00D6C4B5 /* Project object */;
}
